
Microsoft Visual Studio Solution File, Format Version 12.00
# Visual Studio 14
VisualStudioVersion = 14.0.25420.1
MinimumVisualStudioVersion = 10.0.40219.1
Project("{FAE04EC0-301F-11D3-BF4B-00C04F79EFBC}") = "Game", "Game\Game.csproj", "{9F8AA5D6-4912-43C9-8CA9-0DBFF3F46CB0}"
EndProject
Project("{FAE04EC0-301F-11D3-BF4B-00C04F79EFBC}") = "Auth", "Auth\Auth.csproj", "{CCAF8ED9-71E6-4CC0-871B-95C89300CA8A}"
EndProject
Global
	GlobalSection(SolutionConfigurationPlatforms) = preSolution
		Debug|Any CPU = Debug|Any CPU
		Release|Any CPU = Release|Any CPU
	EndGlobalSection
	GlobalSection(ProjectConfigurationPlatforms) = postSolution
		{9F8AA5D6-4912-43C9-8CA9-0DBFF3F46CB0}.Debug|Any CPU.ActiveCfg = Debug|Any CPU
		{9F8AA5D6-4912-43C9-8CA9-0DBFF3F46CB0}.Debug|Any CPU.Build.0 = Debug|Any CPU
		{9F8AA5D6-4912-43C9-8CA9-0DBFF3F46CB0}.Release|Any CPU.ActiveCfg = Release|Any CPU
		{9F8AA5D6-4912-43C9-8CA9-0DBFF3F46CB0}.Release|Any CPU.Build.0 = Release|Any CPU
		{CCAF8ED9-71E6-4CC0-871B-95C89300CA8A}.Debug|Any CPU.ActiveCfg = Debug|Any CPU
		{CCAF8ED9-71E6-4CC0-871B-95C89300CA8A}.Debug|Any CPU.Build.0 = Debug|Any CPU
		{CCAF8ED9-71E6-4CC0-871B-95C89300CA8A}.Release|Any CPU.ActiveCfg = Release|Any CPU
		{CCAF8ED9-71E6-4CC0-871B-95C89300CA8A}.Release|Any CPU.Build.0 = Release|Any CPU
	EndGlobalSection
	GlobalSection(SolutionProperties) = preSolution
		HideSolutionNode = FALSE
	EndGlobalSection
EndGlobal
